
Microsoft Visual Studio Solution File, Format Version 12.00
# Visual Studio Version 16
VisualStudioVersion = 16.0.30523.141
MinimumVisualStudioVersion = 10.0.40219.1
Project("{9A19103F-16F7-4668-BE54-9A1E7A4F7556}") = "purse", "purse\purse.csproj", "{FFBE6410-925E-46C4-83D7-D4A1430C8344}"
EndProject
Project("{FAE04EC0-301F-11D3-BF4B-00C04F79EFBC}") = "money", "money\money.csproj", "{69FFEEA7-435D-452F-A049-82733416BAA4}"
EndProject
Global
	GlobalSection(SolutionConfigurationPlatforms) = preSolution
		Debug|Any CPU = Debug|Any CPU
		Release|Any CPU = Release|Any CPU
	EndGlobalSection
	GlobalSection(ProjectConfigurationPlatforms) = postSolution
		{FFBE6410-925E-46C4-83D7-D4A1430C8344}.Debug|Any CPU.ActiveCfg = Debug|Any CPU
		{FFBE6410-925E-46C4-83D7-D4A1430C8344}.Debug|Any CPU.Build.0 = Debug|Any CPU
		{FFBE6410-925E-46C4-83D7-D4A1430C8344}.Release|Any CPU.ActiveCfg = Release|Any CPU
		{FFBE6410-925E-46C4-83D7-D4A1430C8344}.Release|Any CPU.Build.0 = Release|Any CPU
		{69FFEEA7-435D-452F-A049-82733416BAA4}.Debug|Any CPU.ActiveCfg = Debug|Any CPU
		{69FFEEA7-435D-452F-A049-82733416BAA4}.Debug|Any CPU.Build.0 = Debug|Any CPU
		{69FFEEA7-435D-452F-A049-82733416BAA4}.Release|Any CPU.ActiveCfg = Release|Any CPU
		{69FFEEA7-435D-452F-A049-82733416BAA4}.Release|Any CPU.Build.0 = Release|Any CPU
	EndGlobalSection
	GlobalSection(SolutionProperties) = preSolution
		HideSolutionNode = FALSE
	EndGlobalSection
	GlobalSection(ExtensibilityGlobals) = postSolution
		SolutionGuid = {FB22CFF6-CB75-470E-A7A0-DA4304CBFD6F}
	EndGlobalSection
EndGlobal
